{
  "requires": true,
  "lockfileVersion": 1,
  "dependencies": {
    "@types/geojson": {
      "version": "1.0.6",
      "resolved": "http://registry.npm.taobao.org/@types/geojson/download/@types/geojson-1.0.6.tgz",
      "integrity": "sha1-PgKXJyjGkkjCrwjWCkjLuGgP/98="
    },
    "@types/highcharts": {
      "version": "5.0.12",
      "resolved": "http://registry.npm.taobao.org/@types/highcharts/download/@types/highcharts-5.0.12.tgz",
      "integrity": "sha1-vMdCXvo79czU3vRV3+D2gOi/PXo=",
      "requires": {
        "@types/geojson": "1.0.6"
      }
    },
    "bootstrap-datepicker": {
      "version": "1.7.1",
      "resolved": "http://registry.npm.taobao.org/bootstrap-datepicker/download/bootstrap-datepicker-1.7.1.tgz",
      "integrity": "sha1-Tuf680iI2+x4NPv52+fEJ34B3a8=",
      "requires": {
        "jquery": "3.2.1"
      }
    },
    "font-awesome": {
      "version": "4.7.0",
      "resolved": "http://registry.npm.taobao.org/font-awesome/download/font-awesome-4.7.0.tgz",
      "integrity": "sha1-j6jPBBGhoxr9B7BtKQK7n8gVoTM="
    },
    "highcharts": {
      "version": "6.0.3",
      "resolved": "http://registry.npm.taobao.org/highcharts/download/highcharts-6.0.3.tgz",
      "integrity": "sha1-UTSKDJfYvch8s7JzRg43UdtKUc0="
    },
    "jquery": {
      "version": "3.2.1",
      "resolved": "http://registry.npm.taobao.org/jquery/download/jquery-3.2.1.tgz",
      "integrity": "sha1-XE2d5lKvbNCncBVKYxu6ErAVx4c="
    },
    "jquery-slimscroll": {
      "version": "1.3.8",
      "resolved": "http://registry.npm.taobao.org/jquery-slimscroll/download/jquery-slimscroll-1.3.8.tgz",
      "integrity": "sha1-hIHETnpHaHZTkIoo9/cK7WTITjY=",
      "requires": {
        "jquery": "3.2.1"
      }
    },
    "simple-line-icons": {
      "version": "2.4.1",
      "resolved": "http://registry.npm.taobao.org/simple-line-icons/download/simple-line-icons-2.4.1.tgz",
      "integrity": "sha1-t1vFoNh+UwkowszaVzUnS7JW8jQ="
    }
  }
}
